
Microsoft Visual Studio Solution File, Format Version 12.00
# Visual Studio 15
VisualStudioVersion = 15.0.28010.2041
MinimumVisualStudioVersion = 10.0.40219.1
Project("{9A19103F-16F7-4668-BE54-9A1E7A4F7556}") = "com.seankriegler.stats.Api", "com.seankriegler.stats.Api\com.seankriegler.stats.Api.csproj", "{6160948D-A996-4DFB-9386-93BE678005E6}"
EndProject
Project("{9A19103F-16F7-4668-BE54-9A1E7A4F7556}") = "com.seankriegler.stats.dashboard", "com.seankriegler.stats.dashboard\com.seankriegler.stats.dashboard.csproj", "{FA629D13-4956-424E-BFB2-2648DEC5B833}"
EndProject
Project("{00D1A9C2-B5F0-4AF3-8072-F6C62B433612}") = "com.seankriegler.stats.database", "com.seankriegler.stats.database\com.seankriegler.stats.database.sqlproj", "{0EF53C3F-1F7D-434E-A5A4-22481BAB9506}"
EndProject
Global
	GlobalSection(SolutionConfigurationPlatforms) = preSolution
		Debug|Any CPU = Debug|Any CPU
		Release|Any CPU = Release|Any CPU
	EndGlobalSection
	GlobalSection(ProjectConfigurationPlatforms) = postSolution
		{6160948D-A996-4DFB-9386-93BE678005E6}.Debug|Any CPU.ActiveCfg = Debug|Any CPU
		{6160948D-A996-4DFB-9386-93BE678005E6}.Debug|Any CPU.Build.0 = Debug|Any CPU
		{6160948D-A996-4DFB-9386-93BE678005E6}.Release|Any CPU.ActiveCfg = Release|Any CPU
		{6160948D-A996-4DFB-9386-93BE678005E6}.Release|Any CPU.Build.0 = Release|Any CPU
		{FA629D13-4956-424E-BFB2-2648DEC5B833}.Debug|Any CPU.ActiveCfg = Debug|Any CPU
		{FA629D13-4956-424E-BFB2-2648DEC5B833}.Debug|Any CPU.Build.0 = Debug|Any CPU
		{FA629D13-4956-424E-BFB2-2648DEC5B833}.Release|Any CPU.ActiveCfg = Release|Any CPU
		{FA629D13-4956-424E-BFB2-2648DEC5B833}.Release|Any CPU.Build.0 = Release|Any CPU
		{0EF53C3F-1F7D-434E-A5A4-22481BAB9506}.Debug|Any CPU.ActiveCfg = Debug|Any CPU
		{0EF53C3F-1F7D-434E-A5A4-22481BAB9506}.Debug|Any CPU.Build.0 = Debug|Any CPU
		{0EF53C3F-1F7D-434E-A5A4-22481BAB9506}.Debug|Any CPU.Deploy.0 = Debug|Any CPU
		{0EF53C3F-1F7D-434E-A5A4-22481BAB9506}.Release|Any CPU.ActiveCfg = Release|Any CPU
		{0EF53C3F-1F7D-434E-A5A4-22481BAB9506}.Release|Any CPU.Build.0 = Release|Any CPU
		{0EF53C3F-1F7D-434E-A5A4-22481BAB9506}.Release|Any CPU.Deploy.0 = Release|Any CPU
	EndGlobalSection
	GlobalSection(SolutionProperties) = preSolution
		HideSolutionNode = FALSE
	EndGlobalSection
	GlobalSection(ExtensibilityGlobals) = postSolution
		SolutionGuid = {C2D88072-181B-4F1C-AB31-375A95D294B9}
	EndGlobalSection
EndGlobal
